
Microsoft Visual Studio Solution File, Format Version 12.00
# Visual Studio Version 17
VisualStudioVersion = 17.0.31912.275
MinimumVisualStudioVersion = 10.0.40219.1
Project("{FAE04EC0-301F-11D3-BF4B-00C04F79EFBC}") = "Mamastalker", "Mamastalker\Mamastalker.csproj", "{A98D314D-0657-433C-BD7A-8729133EF2E9}"
EndProject
Project("{FAE04EC0-301F-11D3-BF4B-00C04F79EFBC}") = "BLL", "BLL\BLL.csproj", "{D0B2DF5D-DB54-425C-A66B-3BCFB1686755}"
EndProject
Project("{FAE04EC0-301F-11D3-BF4B-00C04F79EFBC}") = "DAL", "DAL\DAL.csproj", "{D60644BA-B964-442B-BC71-7D5B1172C6D2}"
EndProject
Project("{FAE04EC0-301F-11D3-BF4B-00C04F79EFBC}") = "Common", "Common\Common.csproj", "{E59E6011-A1CD-4724-BD3D-042B7E2ECF65}"
EndProject
Global
	GlobalSection(SolutionConfigurationPlatforms) = preSolution
		Debug|Any CPU = Debug|Any CPU
		Release|Any CPU = Release|Any CPU
	EndGlobalSection
	GlobalSection(ProjectConfigurationPlatforms) = postSolution
		{A98D314D-0657-433C-BD7A-8729133EF2E9}.Debug|Any CPU.ActiveCfg = Debug|Any CPU
		{A98D314D-0657-433C-BD7A-8729133EF2E9}.Debug|Any CPU.Build.0 = Debug|Any CPU
		{A98D314D-0657-433C-BD7A-8729133EF2E9}.Release|Any CPU.ActiveCfg = Release|Any CPU
		{A98D314D-0657-433C-BD7A-8729133EF2E9}.Release|Any CPU.Build.0 = Release|Any CPU
		{D0B2DF5D-DB54-425C-A66B-3BCFB1686755}.Debug|Any CPU.ActiveCfg = Debug|Any CPU
		{D0B2DF5D-DB54-425C-A66B-3BCFB1686755}.Debug|Any CPU.Build.0 = Debug|Any CPU
		{D0B2DF5D-DB54-425C-A66B-3BCFB1686755}.Release|Any CPU.ActiveCfg = Release|Any CPU
		{D0B2DF5D-DB54-425C-A66B-3BCFB1686755}.Release|Any CPU.Build.0 = Release|Any CPU
		{D60644BA-B964-442B-BC71-7D5B1172C6D2}.Debug|Any CPU.ActiveCfg = Debug|Any CPU
		{D60644BA-B964-442B-BC71-7D5B1172C6D2}.Debug|Any CPU.Build.0 = Debug|Any CPU
		{D60644BA-B964-442B-BC71-7D5B1172C6D2}.Release|Any CPU.ActiveCfg = Release|Any CPU
		{D60644BA-B964-442B-BC71-7D5B1172C6D2}.Release|Any CPU.Build.0 = Release|Any CPU
		{E59E6011-A1CD-4724-BD3D-042B7E2ECF65}.Debug|Any CPU.ActiveCfg = Debug|Any CPU
		{E59E6011-A1CD-4724-BD3D-042B7E2ECF65}.Debug|Any CPU.Build.0 = Debug|Any CPU
		{E59E6011-A1CD-4724-BD3D-042B7E2ECF65}.Release|Any CPU.ActiveCfg = Release|Any CPU
		{E59E6011-A1CD-4724-BD3D-042B7E2ECF65}.Release|Any CPU.Build.0 = Release|Any CPU
	EndGlobalSection
	GlobalSection(SolutionProperties) = preSolution
		HideSolutionNode = FALSE
	EndGlobalSection
	GlobalSection(ExtensibilityGlobals) = postSolution
		SolutionGuid = {CE45CF5C-4BBA-416E-BCF3-714705E6A1DC}
	EndGlobalSection
EndGlobal
